// !$*UTF8*$!
{
	archiveVersion = 1;
	classes = {
	};
	objectVersion = 46;
	objects = {

/* Begin PBXBuildFile section */
		75C00A3E1C083DAB00B660DF /* main.m in Sources */ = {isa = PBXBuildFile; fileRef = 75C00A3D1C083DAB00B660DF /* main.m */; };
		75C00A411C083DAB00B660DF /* AppDelegate.m in Sources */ = {isa = PBXBuildFile; fileRef = 75C00A401C083DAB00B660DF /* AppDelegate.m */; };
		75C00A441C083DAB00B660DF /* ViewController.m in Sources */ = {isa = PBXBuildFile; fileRef = 75C00A431C083DAB00B660DF /* ViewController.m */; };
		75C00A471C083DAB00B660DF /* Main.storyboard in Resources */ = {isa = PBXBuildFile; fileRef = 75C00A451C083DAB00B660DF /* Main.storyboard */; };
		75C00A491C083DAB00B660DF /* Assets.xcassets in Resources */ = {isa = PBXBuildFile; fileRef = 75C00A481C083DAB00B660DF /* Assets.xcassets */; };
		75C00A4C1C083DAB00B660DF /* LaunchScreen.storyboard in Resources */ = {isa = PBXBuildFile; fileRef = 75C00A4A1C083DAB00B660DF /* LaunchScreen.storyboard */; };
		75C00A571C083DAB00B660DF /* QRcodeBuilderTests.m in Sources */ = {isa = PBXBuildFile; fileRef = 75C00A561C083DAB00B660DF /* QRcodeBuilderTests.m */; };
		75C00A621C083DAB00B660DF /* QRcodeBuilderUITests.m in Sources */ = {isa = PBXBuildFile; fileRef = 75C00A611C083DAB00B660DF /* QRcodeBuilderUITests.m */; };
		75C00A741C083DD800B660DF /* UIImage+Coro_QrcodeBuilder.m in Sources */ = {isa = PBXBuildFile; fileRef = 75C00A731C083DD800B660DF /* UIImage+Coro_QrcodeBuilder.m */; };
/* End PBXBuildFile section */

/* Begin PBXContainerItemProxy section */
		75C00A531C083DAB00B660DF /* PBXContainerItemProxy */ = {
			isa = PBXContainerItemProxy;
			containerPortal = 75C00A311C083DAB00B660DF /* Project object */;
			proxyType = 1;
			remoteGlobalIDString = 75C00A381C083DAB00B660DF;
			remoteInfo = QRcodeBuilder;
		};
		75C00A5E1C083DAB00B660DF /* PBXContainerItemProxy */ = {
			isa = PBXContainerItemProxy;
			containerPortal = 75C00A311C083DAB00B660DF /* Project object */;
			proxyType = 1;
			remoteGlobalIDString = 75C00A381C083DAB00B660DF;
			remoteInfo = QRcodeBuilder;
		};
/* End PBXContainerItemProxy section */

/* Begin PBXFileReference section */
		75C00A391C083DAB00B660DF /* QRcodeBuilder.app */ = {isa = PBXFileReference; explicitFileType = wrapper.application; includeInIndex = 0; path = QRcodeBuilder.app; sourceTree = BUILT_PRODUCTS_DIR; };
		75C00A3D1C083DAB00B660DF /* main.m */ = {isa = PBXFileReference; lastKnownFileType = sourcecode.c.objc; path = main.m; sourceTree = "<group>"; };
		75C00A3F1C083DAB00B660DF /* AppDelegate.h */ = {isa = PBXFileReference; lastKnownFileType = sourcecode.c.h; path = AppDelegate.h; sourceTree = "<group>"; };
		75C00A401C083DAB00B660DF /* AppDelegate.m */ = {isa = PBXFileReference; lastKnownFileType = sourcecode.c.objc; path = AppDelegate.m; sourceTree = "<group>"; };
		75C00A421C083DAB00B660DF /* ViewController.h */ = {isa = PBXFileReference; lastKnownFileType = sourcecode.c.h; path = ViewController.h; sourceTree = "<group>"; };
		75C00A431C083DAB00B660DF /* ViewController.m */ = {isa = PBXFileReference; lastKnownFileType = sourcecode.c.objc; path = ViewController.m; sourceTree = "<group>"; };
		75C00A461C083DAB00B660DF /* Base */ = {isa = PBXFileReference; lastKnownFileType = file.storyboard; name = Base; path = Base.lproj/Main.storyboard; sourceTree = "<group>"; };
		75C00A481C083DAB00B660DF /* Assets.xcassets */ = {isa = PBXFileReference; lastKnownFileType = folder.assetcatalog; path = Assets.xcassets; sourceTree = "<group>"; };
		75C00A4B1C083DAB00B660DF /* Base */ = {isa = PBXFileReference; lastKnownFileType = file.storyboard; name = Base; path = Base.lproj/LaunchScreen.storyboard; sourceTree = "<group>"; };
		75C00A4D1C083DAB00B660DF /* Info.plist */ = {isa = PBXFileReference; lastKnownFileType = text.plist.xml; path = Info.plist; sourceTree = "<group>"; };
		75C00A521C083DAB00B660DF /* QRcodeBuilderTests.xctest */ = {isa = PBXFileReference; explicitFileType = wrapper.cfbundle; includeInIndex = 0; path = QRcodeBuilderTests.xctest; sourceTree = BUILT_PRODUCTS_DIR; };
		75C00A561C083DAB00B660DF /* QRcodeBuilderTests.m */ = {isa = PBXFileReference; lastKnownFileType = sourcecode.c.objc; path = QRcodeBuilderTests.m; sourceTree = "<group>"; };
		75C00A581C083DAB00B660DF /* Info.plist */ = {isa = PBXFileReference; lastKnownFileType = text.plist.xml; path = Info.plist; sourceTree = "<group>"; };
		75C00A5D1C083DAB00B660DF /* QRcodeBuilderUITests.xctest */ = {isa = PBXFileReference; explicitFileType = wrapper.cfbundle; includeInIndex = 0; path = QRcodeBuilderUITests.xctest; sourceTree = BUILT_PRODUCTS_DIR; };
		75C00A611C083DAB00B660DF /* QRcodeBuilderUITests.m */ = {isa = PBXFileReference; lastKnownFileType = sourcecode.c.objc; path = QRcodeBuilderUITests.m; sourceTree = "<group>"; };
		75C00A631C083DAB00B660DF /* Info.plist */ = {isa = PBXFileReference; lastKnownFileType = text.plist.xml; path = Info.plist; sourceTree = "<group>"; };
		75C00A721C083DD800B660DF /* UIImage+Coro_QrcodeBuilder.h */ = {isa = PBXFileReference; fileEncoding = 4; lastKnownFileType = sourcecode.c.h; path = "UIImage+Coro_QrcodeBuilder.h"; sourceTree = "<group>"; };
		75C00A731C083DD800B660DF /* UIImage+Coro_QrcodeBuilder.m */ = {isa = PBXFileReference; fileEncoding = 4; lastKnownFileType = sourcecode.c.objc; path = "UIImage+Coro_QrcodeBuilder.m"; sourceTree = "<group>"; };
/* End PBXFileReference section */

/* Begin PBXFrameworksBuildPhase section */
		75C00A361C083DAB00B660DF /* Frameworks */ = {
			isa = PBXFrameworksBuildPhase;
			buildActionMask = 2147483647;
			files = (
			);
			runOnlyForDeploymentPostprocessing = 0;
		};
		75C00A4F1C083DAB00B660DF /* Frameworks */ = {
			isa = PBXFrameworksBuildPhase;
			buildActionMask = 2147483647;
			files = (
			);
			runOnlyForDeploymentPostprocessing = 0;
		};
		75C00A5A1C083DAB00B660DF /* Frameworks */ = {
			isa = PBXFrameworksBuildPhase;
			buildActionMask = 2147483647;
			files = (
			);
			runOnlyForDeploymentPostprocessing = 0;
		};
/* End PBXFrameworksBuildPhase section */

/* Begin PBXGroup section */
		75C00A301C083DAB00B660DF = {
			isa = PBXGroup;
			children = (
				75C00A3B1C083DAB00B660DF /* QRcodeBuilder */,
				75C00A551C083DAB00B660DF /* QRcodeBuilderTests */,
				75C00A601C083DAB00B660DF /* QRcodeBuilderUITests */,
				75C00A3A1C083DAB00B660DF /* Products */,
			);
			sourceTree = "<group>";
		};
		75C00A3A1C083DAB00B660DF /* Products */ = {
			isa = PBXGroup;
			children = (
				75C00A391C083DAB00B660DF /* QRcodeBuilder.app */,
				75C00A521C083DAB00B660DF /* QRcodeBuilderTests.xctest */,
				75C00A5D1C083DAB00B660DF /* QRcodeBuilderUITests.xctest */,
			);
			name = Products;
			sourceTree = "<group>";
		};
		75C00A3B1C083DAB00B660DF /* QRcodeBuilder */ = {
			isa = PBXGroup;
			children = (
				75C00A3F1C083DAB00B660DF /* AppDelegate.h */,
				75C00A401C083DAB00B660DF /* AppDelegate.m */,
				75C00A421C083DAB00B660DF /* ViewController.h */,
				75C00A431C083DAB00B660DF /* ViewController.m */,
				75C00A451C083DAB00B660DF /* Main.storyboard */,
				75C00A481C083DAB00B660DF /* Assets.xcassets */,
				75C00A4A1C083DAB00B660DF /* LaunchScreen.storyboard */,
				75C00A4D1C083DAB00B660DF /* Info.plist */,
				75C00A3C1C083DAB00B660DF /* Supporting Files */,
				75C00A721C083DD800B660DF /* UIImage+Coro_QrcodeBuilder.h */,
				75C00A731C083DD800B660DF /* UIImage+Coro_QrcodeBuilder.m */,
			);
			path = QRcodeBuilder;
			sourceTree = "<group>";
		};
		75C00A3C1C083DAB00B660DF /* Supporting Files */ = {
			isa = PBXGroup;
			children = (
				75C00A3D1C083DAB00B660DF /* main.m */,
			);
			name = "Supporting Files";
			sourceTree = "<group>";
		};
		75C00A551C083DAB00B660DF /* QRcodeBuilderTests */ = {
			isa = PBXGroup;
			children = (
				75C00A561C083DAB00B660DF /* QRcodeBuilderTests.m */,
				75C00A581C083DAB00B660DF /* Info.plist */,
			);
			path = QRcodeBuilderTests;
			sourceTree = "<group>";
		};
		75C00A601C083DAB00B660DF /* QRcodeBuilderUITests */ = {
			isa = PBXGroup;
			children = (
				75C00A611C083DAB00B660DF /* QRcodeBuilderUITests.m */,
				75C00A631C083DAB00B660DF /* Info.plist */,
			);
			path = QRcodeBuilderUITests;
			sourceTree = "<group>";
		};
/* End PBXGroup section */

/* Begin PBXNativeTarget section */
		75C00A381C083DAB00B660DF /* QRcodeBuilder */ = {
			isa = PBXNativeTarget;
			buildConfigurationList = 75C00A661C083DAB00B660DF /* Build configuration list for PBXNativeTarget "QRcodeBuilder" */;
			buildPhases = (
				75C00A351C083DAB00B660DF /* Sources */,
				75C00A361C083DAB00B660DF /* Frameworks */,
				75C00A371C083DAB00B660DF /* Resources */,
			);
			buildRules = (
			);
			dependencies = (
			);
			name = QRcodeBuilder;
			productName = QRcodeBuilder;
			productReference = 75C00A391C083DAB00B660DF /* QRcodeBuilder.app */;
			productType = "com.apple.product-type.application";
		};
		75C00A511C083DAB00B660DF /* QRcodeBuilderTests */ = {
			isa = PBXNativeTarget;
			buildConfigurationList = 75C00A691C083DAB00B660DF /* Build configuration list for PBXNativeTarget "QRcodeBuilderTests" */;
			buildPhases = (
				75C00A4E1C083DAB00B660DF /* Sources */,
				75C00A4F1C083DAB00B660DF /* Frameworks */,
				75C00A501C083DAB00B660DF /* Resources */,
			);
			buildRules = (
			);
			dependencies = (
				75C00A541C083DAB00B660DF /* PBXTargetDependency */,
			);
			name = QRcodeBuilderTests;
			productName = QRcodeBuilderTests;
			productReference = 75C00A521C083DAB00B660DF /* QRcodeBuilderTests.xctest */;
			productType = "com.apple.product-type.bundle.unit-test";
		};
		75C00A5C1C083DAB00B660DF /* QRcodeBuilderUITests */ = {
			isa = PBXNativeTarget;
			buildConfigurationList = 75C00A6C1C083DAB00B660DF /* Build configuration list for PBXNativeTarget "QRcodeBuilderUITests" */;
			buildPhases = (
				75C00A591C083DAB00B660DF /* Sources */,
				75C00A5A1C083DAB00B660DF /* Frameworks */,
				75C00A5B1C083DAB00B660DF /* Resources */,
			);
			buildRules = (
			);
			dependencies = (
				75C00A5F1C083DAB00B660DF /* PBXTargetDependency */,
			);
			name = QRcodeBuilderUITests;
			productName = QRcodeBuilderUITests;
			productReference = 75C00A5D1C083DAB00B660DF /* QRcodeBuilderUITests.xctest */;
			productType = "com.apple.product-type.bundle.ui-testing";
		};
/* End PBXNativeTarget section */

/* Begin PBXProject section */
		75C00A311C083DAB00B660DF /* Project object */ = {
			isa = PBXProject;
			attributes = {
				LastUpgradeCheck = 0710;
				ORGANIZATIONNAME = corotata;
				TargetAttributes = {
					75C00A381C083DAB00B660DF = {
						CreatedOnToolsVersion = 7.1.1;
					};
					75C00A511C083DAB00B660DF = {
						CreatedOnToolsVersion = 7.1.1;
						TestTargetID = 75C00A381C083DAB00B660DF;
					};
					75C00A5C1C083DAB00B660DF = {
						CreatedOnToolsVersion = 7.1.1;
						TestTargetID = 75C00A381C083DAB00B660DF;
					};
				};
			};
			buildConfigurationList = 75C00A341C083DAB00B660DF /* Build configuration list for PBXProject "QRcodeBuilder" */;
			compatibilityVersion = "Xcode 3.2";
			developmentRegion = English;
			hasScannedForEncodings = 0;
			knownRegions = (
				en,
				Base,
			);
			mainGroup = 75C00A301C083DAB00B660DF;
			productRefGroup = 75C00A3A1C083DAB00B660DF /* Products */;
			projectDirPath = "";
			projectRoot = "";
			targets = (
				75C00A381C083DAB00B660DF /* QRcodeBuilder */,
				75C00A511C083DAB00B660DF /* QRcodeBuilderTests */,
				75C00A5C1C083DAB00B660DF /* QRcodeBuilderUITests */,
			);
		};
/* End PBXProject section */

/* Begin PBXResourcesBuildPhase section */
		75C00A371C083DAB00B660DF /* Resources */ = {
			isa = PBXResourcesBuildPhase;
			buildActionMask = 2147483647;
			files = (
				75C00A4C1C083DAB00B660DF /* LaunchScreen.storyboard in Resources */,
				75C00A491C083DAB00B660DF /* Assets.xcassets in Resources */,
				75C00A471C083DAB00B660DF /* Main.storyboard in Resources */,
			);
			runOnlyForDeploymentPostprocessing = 0;
		};
		75C00A501C083DAB00B660DF /* Resources */ = {
			isa = PBXResourcesBuildPhase;
			buildActionMask = 2147483647;
			files = (
			);
			runOnlyForDeploymentPostprocessing = 0;
		};
		75C00A5B1C083DAB00B660DF /* Resources */ = {
			isa = PBXResourcesBuildPhase;
			buildActionMask = 2147483647;
			files = (
			);
			runOnlyForDeploymentPostprocessing = 0;
		};
/* End PBXResourcesBuildPhase section */

/* Begin PBXSourcesBuildPhase section */
		75C00A351C083DAB00B660DF /* Sources */ = {
			isa = PBXSourcesBuildPhase;
			buildActionMask = 2147483647;
			files = (
				75C00A441C083DAB00B660DF /* ViewController.m in Sources */,
				75C00A411C083DAB00B660DF /* AppDelegate.m in Sources */,
				75C00A741C083DD800B660DF /* UIImage+Coro_QrcodeBuilder.m in Sources */,
				75C00A3E1C083DAB00B660DF /* main.m in Sources */,
			);
			runOnlyForDeploymentPostprocessing = 0;
		};
		75C00A4E1C083DAB00B660DF /* Sources */ = {
			isa = PBXSourcesBuildPhase;
			buildActionMask = 2147483647;
			files = (
				75C00A571C083DAB00B660DF /* QRcodeBuilderTests.m in Sources */,
			);
			runOnlyForDeploymentPostprocessing = 0;
		};
		75C00A591C083DAB00B660DF /* Sources */ = {
			isa = PBXSourcesBuildPhase;
			buildActionMask = 2147483647;
			files = (
				75C00A621C083DAB00B660DF /* QRcodeBuilderUITests.m in Sources */,
			);
			runOnlyForDeploymentPostprocessing = 0;
		};
/* End PBXSourcesBuildPhase section */

/* Begin PBXTargetDependency section */
		75C00A541C083DAB00B660DF /* PBXTargetDependency */ = {
			isa = PBXTargetDependency;
			target = 75C00A381C083DAB00B660DF /* QRcodeBuilder */;
			targetProxy = 75C00A531C083DAB00B660DF /* PBXContainerItemProxy */;
		};
		75C00A5F1C083DAB00B660DF /* PBXTargetDependency */ = {
			isa = PBXTargetDependency;
			target = 75C00A381C083DAB00B660DF /* QRcodeBuilder */;
			targetProxy = 75C00A5E1C083DAB00B660DF /* PBXContainerItemProxy */;
		};
/* End PBXTargetDependency section */

/* Begin PBXVariantGroup section */
		75C00A451C083DAB00B660DF /* Main.storyboard */ = {
			isa = PBXVariantGroup;
			children = (
				75C00A461C083DAB00B660DF /* Base */,
			);
			name = Main.storyboard;
			sourceTree = "<group>";
		};
		75C00A4A1C083DAB00B660DF /* LaunchScreen.storyboard */ = {
			isa = PBXVariantGroup;
			children = (
				75C00A4B1C083DAB00B660DF /* Base */,
			);
			name = LaunchScreen.storyboard;
			sourceTree = "<group>";
		};
/* End PBXVariantGroup section */

/* Begin XCBuildConfiguration section */
		75C00A641C083DAB00B660DF /* Debug */ = {
			isa = XCBuildConfiguration;
			buildSettings = {
				ALWAYS_SEARCH_USER_PATHS = NO;
				CLANG_CXX_LANGUAGE_STANDARD = "gnu++0x";
				CLANG_CXX_LIBRARY = "libc++";
				CLANG_ENABLE_MODULES = YES;
				CLANG_ENABLE_OBJC_ARC = YES;
				CLANG_WARN_BOOL_CONVERSION = YES;
				CLANG_WARN_CONSTANT_CONVERSION = YES;
				CLANG_WARN_DIRECT_OBJC_ISA_USAGE = YES_ERROR;
				CLANG_WARN_EMPTY_BODY = YES;
				CLANG_WARN_ENUM_CONVERSION = YES;
				CLANG_WARN_INT_CONVERSION = YES;
				CLANG_WARN_OBJC_ROOT_CLASS = YES_ERROR;
				CLANG_WARN_UNREACHABLE_CODE = YES;
				CLANG_WARN__DUPLICATE_METHOD_MATCH = YES;
				"CODE_SIGN_IDENTITY[sdk=iphoneos*]" = "iPhone Developer";
				COPY_PHASE_STRIP = NO;
				DEBUG_INFORMATION_FORMAT = dwarf;
				ENABLE_STRICT_OBJC_MSGSEND = YES;
				ENABLE_TESTABILITY = YES;
				GCC_C_LANGUAGE_STANDARD = gnu99;
				GCC_DYNAMIC_NO_PIC = NO;
				GCC_NO_COMMON_BLOCKS = YES;
				GCC_OPTIMIZATION_LEVEL = 0;
				GCC_PREPROCESSOR_DEFINITIONS = (
					"DEBUG=1",
					"$(inherited)",
				);
				GCC_WARN_64_TO_32_BIT_CONVERSION = YES;
				GCC_WARN_ABOUT_RETURN_TYPE = YES_ERROR;
				GCC_WARN_UNDECLARED_SELECTOR = YES;
				GCC_WARN_UNINITIALIZED_AUTOS = YES_AGGRESSIVE;
				GCC_WARN_UNUSED_FUNCTION = YES;
				GCC_WARN_UNUSED_VARIABLE = YES;
				IPHONEOS_DEPLOYMENT_TARGET = 9.1;
				MTL_ENABLE_DEBUG_INFO = YES;
				ONLY_ACTIVE_ARCH = YES;
				SDKROOT = iphoneos;
				TARGETED_DEVICE_FAMILY = "1,2";
			};
			name = Debug;
		};
		75C00A651C083DAB00B660DF /* Release */ = {
			isa = XCBuildConfiguration;
			buildSettings = {
				ALWAYS_SEARCH_USER_PATHS = NO;
				CLANG_CXX_LANGUAGE_STANDARD = "gnu++0x";
				CLANG_CXX_LIBRARY = "libc++";
				CLANG_ENABLE_MODULES = YES;
				CLANG_ENABLE_OBJC_ARC = YES;
				CLANG_WARN_BOOL_CONVERSION = YES;
				CLANG_WARN_CONSTANT_CONVERSION = YES;
				CLANG_WARN_DIRECT_OBJC_ISA_USAGE = YES_ERROR;
				CLANG_WARN_EMPTY_BODY = YES;
				CLANG_WARN_ENUM_CONVERSION = YES;
				CLANG_WARN_INT_CONVERSION = YES;
				CLANG_WARN_OBJC_ROOT_CLASS = YES_ERROR;
				CLANG_WARN_UNREACHABLE_CODE = YES;
				CLANG_WARN__DUPLICATE_METHOD_MATCH = YES;
				"CODE_SIGN_IDENTITY[sdk=iphoneos*]" = "iPhone Developer";
				COPY_PHASE_STRIP = NO;
				DEBUG_INFORMATION_FORMAT = "dwarf-with-dsym";
				ENABLE_NS_ASSERTIONS = NO;
				ENABLE_STRICT_OBJC_MSGSEND = YES;
				GCC_C_LANGUAGE_STANDARD = gnu99;
				GCC_NO_COMMON_BLOCKS = YES;
				GCC_WARN_64_TO_32_BIT_CONVERSION = YES;
				GCC_WARN_ABOUT_RETURN_TYPE = YES_ERROR;
				GCC_WARN_UNDECLARED_SELECTOR = YES;
				GCC_WARN_UNINITIALIZED_AUTOS = YES_AGGRESSIVE;
				GCC_WARN_UNUSED_FUNCTION = YES;
				GCC_WARN_UNUSED_VARIABLE = YES;
				IPHONEOS_DEPLOYMENT_TARGET = 9.1;
				MTL_ENABLE_DEBUG_INFO = NO;
				SDKROOT = iphoneos;
				TARGETED_DEVICE_FAMILY = "1,2";
				VALIDATE_PRODUCT = YES;
			};
			name = Release;
		};
		75C00A671C083DAB00B660DF /* Debug */ = {
			isa = XCBuildConfiguration;
			buildSettings = {
				ASSETCATALOG_COMPILER_APPICON_NAME = AppIcon;
				INFOPLIST_FILE = QRcodeBuilder/Info.plist;
				LD_RUNPATH_SEARCH_PATHS = "$(inherited) @executable_path/Frameworks";
				PRODUCT_BUNDLE_IDENTIFIER = com.corotata.QRcodeBuilder;
				PRODUCT_NAME = "$(TARGET_NAME)";
			};
			name = Debug;
		};
		75C00A681C083DAB00B660DF /* Release */ = {
			isa = XCBuildConfiguration;
			buildSettings = {
				ASSETCATALOG_COMPILER_APPICON_NAME = AppIcon;
				INFOPLIST_FILE = QRcodeBuilder/Info.plist;
				LD_RUNPATH_SEARCH_PATHS = "$(inherited) @executable_path/Frameworks";
				PRODUCT_BUNDLE_IDENTIFIER = com.corotata.QRcodeBuilder;
				PRODUCT_NAME = "$(TARGET_NAME)";
			};
			name = Release;
		};
		75C00A6A1C083DAB00B660DF /* Debug */ = {
			isa = XCBuildConfiguration;
			buildSettings = {
				BUNDLE_LOADER = "$(TEST_HOST)";
				INFOPLIST_FILE = QRcodeBuilderTests/Info.plist;
				LD_RUNPATH_SEARCH_PATHS = "$(inherited) @executable_path/Frameworks @loader_path/Frameworks";
				PRODUCT_BUNDLE_IDENTIFIER = com.corotata.QRcodeBuilderTests;
				PRODUCT_NAME = "$(TARGET_NAME)";
				TEST_HOST = "$(BUILT_PRODUCTS_DIR)/QRcodeBuilder.app/QRcodeBuilder";
			};
			name = Debug;
		};
		75C00A6B1C083DAB00B660DF /* Release */ = {
			isa = XCBuildConfiguration;
			buildSettings = {
				BUNDLE_LOADER = "$(TEST_HOST)";
				INFOPLIST_FILE = QRcodeBuilderTests/Info.plist;
				LD_RUNPATH_SEARCH_PATHS = "$(inherited) @executable_path/Frameworks @loader_path/Frameworks";
				PRODUCT_BUNDLE_IDENTIFIER = com.corotata.QRcodeBuilderTests;
				PRODUCT_NAME = "$(TARGET_NAME)";
				TEST_HOST = "$(BUILT_PRODUCTS_DIR)/QRcodeBuilder.app/QRcodeBuilder";
			};
			name = Release;
		};
		75C00A6D1C083DAB00B660DF /* Debug */ = {
			isa = XCBuildConfiguration;
			buildSettings = {
				INFOPLIST_FILE = QRcodeBuilderUITests/Info.plist;
				LD_RUNPATH_SEARCH_PATHS = "$(inherited) @executable_path/Frameworks @loader_path/Frameworks";
				PRODUCT_BUNDLE_IDENTIFIER = com.corotata.QRcodeBuilderUITests;
				PRODUCT_NAME = "$(TARGET_NAME)";
				TEST_TARGET_NAME = QRcodeBuilder;
				USES_XCTRUNNER = YES;
			};
			name = Debug;
		};
		75C00A6E1C083DAB00B660DF /* Release */ = {
			isa = XCBuildConfiguration;
			buildSettings = {
				INFOPLIST_FILE = QRcodeBuilderUITests/Info.plist;
				LD_RUNPATH_SEARCH_PATHS = "$(inherited) @executable_path/Frameworks @loader_path/Frameworks";
				PRODUCT_BUNDLE_IDENTIFIER = com.corotata.QRcodeBuilderUITests;
				PRODUCT_NAME = "$(TARGET_NAME)";
				TEST_TARGET_NAME = QRcodeBuilder;
				USES_XCTRUNNER = YES;
			};
			name = Release;
		};
/* End XCBuildConfiguration section */

/* Begin XCConfigurationList section */
		75C00A341C083DAB00B660DF /* Build configuration list for PBXProject "QRcodeBuilder" */ = {
			isa = XCConfigurationList;
			buildConfigurations = (
				75C00A641C083DAB00B660DF /* Debug */,
				75C00A651C083DAB00B660DF /* Release */,
			);
			defaultConfigurationIsVisible = 0;
			defaultConfigurationName = Release;
		};
		75C00A661C083DAB00B660DF /* Build configuration list for PBXNativeTarget "QRcodeBuilder" */ = {
			isa = XCConfigurationList;
			buildConfigurations = (
				75C00A671C083DAB00B660DF /* Debug */,
				75C00A681C083DAB00B660DF /* Release */,
			);
			defaultConfigurationIsVisible = 0;
		};
		75C00A691C083DAB00B660DF /* Build configuration list for PBXNativeTarget "QRcodeBuilderTests" */ = {
			isa = XCConfigurationList;
			buildConfigurations = (
				75C00A6A1C083DAB00B660DF /* Debug */,
				75C00A6B1C083DAB00B660DF /* Release */,
			);
			defaultConfigurationIsVisible = 0;
		};
		75C00A6C1C083DAB00B660DF /* Build configuration list for PBXNativeTarget "QRcodeBuilderUITests" */ = {
			isa = XCConfigurationList;
			buildConfigurations = (
				75C00A6D1C083DAB00B660DF /* Debug */,
				75C00A6E1C083DAB00B660DF /* Release */,
			);
			defaultConfigurationIsVisible = 0;
		};
/* End XCConfigurationList section */
	};
	rootObject = 75C00A311C083DAB00B660DF /* Project object */;
}
